
Microsoft Visual Studio Solution File, Format Version 12.00
# Visual Studio Version 16
VisualStudioVersion = 16.0.30907.101
MinimumVisualStudioVersion = 10.0.40219.1
Project("{FAE04EC0-301F-11D3-BF4B-00C04F79EFBC}") = "Lesson1", "Lesson1\Lesson1.csproj", "{D46686D1-A0A8-48FA-85BB-A58032E540AC}"
EndProject
Global
	GlobalSection(SolutionConfigurationPlatforms) = preSolution
		Debug|Any CPU = Debug|Any CPU
		Release|Any CPU = Release|Any CPU
	EndGlobalSection
	GlobalSection(ProjectConfigurationPlatforms) = postSolution
		{D46686D1-A0A8-48FA-85BB-A58032E540AC}.Debug|Any CPU.ActiveCfg = Debug|Any CPU
		{D46686D1-A0A8-48FA-85BB-A58032E540AC}.Debug|Any CPU.Build.0 = Debug|Any CPU
		{D46686D1-A0A8-48FA-85BB-A58032E540AC}.Release|Any CPU.ActiveCfg = Release|Any CPU
		{D46686D1-A0A8-48FA-85BB-A58032E540AC}.Release|Any CPU.Build.0 = Release|Any CPU
	EndGlobalSection
	GlobalSection(SolutionProperties) = preSolution
		HideSolutionNode = FALSE
	EndGlobalSection
	GlobalSection(ExtensibilityGlobals) = postSolution
		SolutionGuid = {3E39479F-288F-454F-BFE3-6845549A7B3F}
	EndGlobalSection
EndGlobal
