
Microsoft Visual Studio Solution File, Format Version 12.00
# Visual Studio Version 16
VisualStudioVersion = 16.0.30907.101
MinimumVisualStudioVersion = 10.0.40219.1
Project("{FAE04EC0-301F-11D3-BF4B-00C04F79EFBC}") = "Lesson6", "Lesson6.csproj", "{B9B782BB-E23E-4C25-BB35-39FED8D1D8AE}"
EndProject
Global
	GlobalSection(SolutionConfigurationPlatforms) = preSolution
		Debug|Any CPU = Debug|Any CPU
		Release|Any CPU = Release|Any CPU
	EndGlobalSection
	GlobalSection(ProjectConfigurationPlatforms) = postSolution
		{B9B782BB-E23E-4C25-BB35-39FED8D1D8AE}.Debug|Any CPU.ActiveCfg = Debug|Any CPU
		{B9B782BB-E23E-4C25-BB35-39FED8D1D8AE}.Debug|Any CPU.Build.0 = Debug|Any CPU
		{B9B782BB-E23E-4C25-BB35-39FED8D1D8AE}.Release|Any CPU.ActiveCfg = Release|Any CPU
		{B9B782BB-E23E-4C25-BB35-39FED8D1D8AE}.Release|Any CPU.Build.0 = Release|Any CPU
	EndGlobalSection
	GlobalSection(SolutionProperties) = preSolution
		HideSolutionNode = FALSE
	EndGlobalSection
	GlobalSection(ExtensibilityGlobals) = postSolution
		SolutionGuid = {0A48EE36-12B6-4104-8C20-FBB75738366A}
	EndGlobalSection
EndGlobal
