
Microsoft Visual Studio Solution File, Format Version 12.00
# Visual Studio Version 16
VisualStudioVersion = 16.0.30907.101
MinimumVisualStudioVersion = 10.0.40219.1
Project("{FAE04EC0-301F-11D3-BF4B-00C04F79EFBC}") = "Lesson3", "Lesson3.csproj", "{4DBC98F2-6B29-4C2B-B893-FCE264C8C3F2}"
EndProject
Global
	GlobalSection(SolutionConfigurationPlatforms) = preSolution
		Debug|Any CPU = Debug|Any CPU
		Release|Any CPU = Release|Any CPU
	EndGlobalSection
	GlobalSection(ProjectConfigurationPlatforms) = postSolution
		{4DBC98F2-6B29-4C2B-B893-FCE264C8C3F2}.Debug|Any CPU.ActiveCfg = Debug|Any CPU
		{4DBC98F2-6B29-4C2B-B893-FCE264C8C3F2}.Debug|Any CPU.Build.0 = Debug|Any CPU
		{4DBC98F2-6B29-4C2B-B893-FCE264C8C3F2}.Release|Any CPU.ActiveCfg = Release|Any CPU
		{4DBC98F2-6B29-4C2B-B893-FCE264C8C3F2}.Release|Any CPU.Build.0 = Release|Any CPU
	EndGlobalSection
	GlobalSection(SolutionProperties) = preSolution
		HideSolutionNode = FALSE
	EndGlobalSection
	GlobalSection(ExtensibilityGlobals) = postSolution
		SolutionGuid = {F6D57291-6A48-4979-B447-A45B69737BBE}
	EndGlobalSection
EndGlobal
